// !$*UTF8*$!
{
	archiveVersion = 1;
	classes = {
	};
	objectVersion = 56;
	objects = {

/* Begin PBXBuildFile section */
		45A88FF02AC3446200E6961B /* AppDelegate.swift in Sources */ = {isa = PBXBuildFile; fileRef = 45A88FEF2AC3446200E6961B /* AppDelegate.swift */; };
		45A88FF22AC3446200E6961B /* SceneDelegate.swift in Sources */ = {isa = PBXBuildFile; fileRef = 45A88FF12AC3446200E6961B /* SceneDelegate.swift */; };
		45A88FF42AC3446200E6961B /* ViewController.swift in Sources */ = {isa = PBXBuildFile; fileRef = 45A88FF32AC3446200E6961B /* ViewController.swift */; };
		45A88FF72AC3446200E6961B /* Main.storyboard in Resources */ = {isa = PBXBuildFile; fileRef = 45A88FF52AC3446200E6961B /* Main.storyboard */; };
		45A88FFA2AC3446200E6961B /* TestSportApp.xcdatamodeld in Sources */ = {isa = PBXBuildFile; fileRef = 45A88FF82AC3446200E6961B /* TestSportApp.xcdatamodeld */; };
		45A88FFC2AC3446300E6961B /* Assets.xcassets in Resources */ = {isa = PBXBuildFile; fileRef = 45A88FFB2AC3446300E6961B /* Assets.xcassets */; };
		45A88FFF2AC3446300E6961B /* LaunchScreen.storyboard in Resources */ = {isa = PBXBuildFile; fileRef = 45A88FFD2AC3446300E6961B /* LaunchScreen.storyboard */; };
/* End PBXBuildFile section */

/* Begin PBXFileReference section */
		45A88FEC2AC3446200E6961B /* TestSportApp.app */ = {isa = PBXFileReference; explicitFileType = wrapper.application; includeInIndex = 0; path = TestSportApp.app; sourceTree = BUILT_PRODUCTS_DIR; };
		45A88FEF2AC3446200E6961B /* AppDelegate.swift */ = {isa = PBXFileReference; lastKnownFileType = sourcecode.swift; path = AppDelegate.swift; sourceTree = "<group>"; };
		45A88FF12AC3446200E6961B /* SceneDelegate.swift */ = {isa = PBXFileReference; lastKnownFileType = sourcecode.swift; path = SceneDelegate.swift; sourceTree = "<group>"; };
		45A88FF32AC3446200E6961B /* ViewController.swift */ = {isa = PBXFileReference; lastKnownFileType = sourcecode.swift; path = ViewController.swift; sourceTree = "<group>"; };
		45A88FF62AC3446200E6961B /* Base */ = {isa = PBXFileReference; lastKnownFileType = file.storyboard; name = Base; path = Base.lproj/Main.storyboard; sourceTree = "<group>"; };
		45A88FF92AC3446200E6961B /* TestSportApp.xcdatamodel */ = {isa = PBXFileReference; lastKnownFileType = wrapper.xcdatamodel; path = TestSportApp.xcdatamodel; sourceTree = "<group>"; };
		45A88FFB2AC3446300E6961B /* Assets.xcassets */ = {isa = PBXFileReference; lastKnownFileType = folder.assetcatalog; path = Assets.xcassets; sourceTree = "<group>"; };
		45A88FFE2AC3446300E6961B /* Base */ = {isa = PBXFileReference; lastKnownFileType = file.storyboard; name = Base; path = Base.lproj/LaunchScreen.storyboard; sourceTree = "<group>"; };
		45A890002AC3446300E6961B /* Info.plist */ = {isa = PBXFileReference; lastKnownFileType = text.plist.xml; path = Info.plist; sourceTree = "<group>"; };
/* End PBXFileReference section */

/* Begin PBXFrameworksBuildPhase section */
		45A88FE92AC3446200E6961B /* Frameworks */ = {
			isa = PBXFrameworksBuildPhase;
			buildActionMask = 2147483647;
			files = (
			);
			runOnlyForDeploymentPostprocessing = 0;
		};
/* End PBXFrameworksBuildPhase section */

/* Begin PBXGroup section */
		45A88FE32AC3446200E6961B = {
			isa = PBXGroup;
			children = (
				45A88FEE2AC3446200E6961B /* TestSportApp */,
				45A88FED2AC3446200E6961B /* Products */,
			);
			sourceTree = "<group>";
		};
		45A88FED2AC3446200E6961B /* Products */ = {
			isa = PBXGroup;
			children = (
				45A88FEC2AC3446200E6961B /* TestSportApp.app */,
			);
			name = Products;
			sourceTree = "<group>";
		};
		45A88FEE2AC3446200E6961B /* TestSportApp */ = {
			isa = PBXGroup;
			children = (
				45A890062AC3447500E6961B /* Supported Files */,
				45A8900B2AC3450000E6961B /* Services */,
				45A890082AC344A600E6961B /* View */,
				45A890072AC3449A00E6961B /* Model */,
				45A8900C2AC3451000E6961B /* Modules */,
				45A890002AC3446300E6961B /* Info.plist */,
			);
			path = TestSportApp;
			sourceTree = "<group>";
		};
		45A890062AC3447500E6961B /* Supported Files */ = {
			isa = PBXGroup;
			children = (
				45A88FEF2AC3446200E6961B /* AppDelegate.swift */,
				45A88FF12AC3446200E6961B /* SceneDelegate.swift */,
				45A88FFB2AC3446300E6961B /* Assets.xcassets */,
				45A88FFD2AC3446300E6961B /* LaunchScreen.storyboard */,
			);
			path = "Supported Files";
			sourceTree = "<group>";
		};
		45A890072AC3449A00E6961B /* Model */ = {
			isa = PBXGroup;
			children = (
				45A8900F2AC3457B00E6961B /* Persistence Model */,
			);
			path = Model;
			sourceTree = "<group>";
		};
		45A890082AC344A600E6961B /* View */ = {
			isa = PBXGroup;
			children = (
				45A890092AC344BC00E6961B /* MainView */,
				45A8900A2AC344D500E6961B /* CutsomViews */,
			);
			path = View;
			sourceTree = "<group>";
		};
		45A890092AC344BC00E6961B /* MainView */ = {
			isa = PBXGroup;
			children = (
				45A88FF52AC3446200E6961B /* Main.storyboard */,
			);
			path = MainView;
			sourceTree = "<group>";
		};
		45A8900A2AC344D500E6961B /* CutsomViews */ = {
			isa = PBXGroup;
			children = (
			);
			path = CutsomViews;
			sourceTree = "<group>";
		};
		45A8900B2AC3450000E6961B /* Services */ = {
			isa = PBXGroup;
			children = (
			);
			path = Services;
			sourceTree = "<group>";
		};
		45A8900C2AC3451000E6961B /* Modules */ = {
			isa = PBXGroup;
			children = (
				45A8900E2AC3454500E6961B /* HomeViewModel */,
				45A8900D2AC3452E00E6961B /* HomeView */,
			);
			path = Modules;
			sourceTree = "<group>";
		};
		45A8900D2AC3452E00E6961B /* HomeView */ = {
			isa = PBXGroup;
			children = (
				45A88FF32AC3446200E6961B /* ViewController.swift */,
			);
			path = HomeView;
			sourceTree = "<group>";
		};
		45A8900E2AC3454500E6961B /* HomeViewModel */ = {
			isa = PBXGroup;
			children = (
			);
			path = HomeViewModel;
			sourceTree = "<group>";
		};
		45A8900F2AC3457B00E6961B /* Persistence Model */ = {
			isa = PBXGroup;
			children = (
				45A88FF82AC3446200E6961B /* TestSportApp.xcdatamodeld */,
			);
			path = "Persistence Model";
			sourceTree = "<group>";
		};
/* End PBXGroup section */

/* Begin PBXNativeTarget section */
		45A88FEB2AC3446200E6961B /* TestSportApp */ = {
			isa = PBXNativeTarget;
			buildConfigurationList = 45A890032AC3446300E6961B /* Build configuration list for PBXNativeTarget "TestSportApp" */;
			buildPhases = (
				45A88FE82AC3446200E6961B /* Sources */,
				45A88FE92AC3446200E6961B /* Frameworks */,
				45A88FEA2AC3446200E6961B /* Resources */,
			);
			buildRules = (
			);
			dependencies = (
			);
			name = TestSportApp;
			productName = TestSportApp;
			productReference = 45A88FEC2AC3446200E6961B /* TestSportApp.app */;
			productType = "com.apple.product-type.application";
		};
/* End PBXNativeTarget section */

/* Begin PBXProject section */
		45A88FE42AC3446200E6961B /* Project object */ = {
			isa = PBXProject;
			attributes = {
				BuildIndependentTargetsInParallel = 1;
				LastSwiftUpdateCheck = 1430;
				LastUpgradeCheck = 1430;
				TargetAttributes = {
					45A88FEB2AC3446200E6961B = {
						CreatedOnToolsVersion = 14.3;
					};
				};
			};
			buildConfigurationList = 45A88FE72AC3446200E6961B /* Build configuration list for PBXProject "TestSportApp" */;
			compatibilityVersion = "Xcode 14.0";
			developmentRegion = en;
			hasScannedForEncodings = 0;
			knownRegions = (
				en,
				Base,
			);
			mainGroup = 45A88FE32AC3446200E6961B;
			productRefGroup = 45A88FED2AC3446200E6961B /* Products */;
			projectDirPath = "";
			projectRoot = "";
			targets = (
				45A88FEB2AC3446200E6961B /* TestSportApp */,
			);
		};
/* End PBXProject section */

/* Begin PBXResourcesBuildPhase section */
		45A88FEA2AC3446200E6961B /* Resources */ = {
			isa = PBXResourcesBuildPhase;
			buildActionMask = 2147483647;
			files = (
				45A88FFF2AC3446300E6961B /* LaunchScreen.storyboard in Resources */,
				45A88FFC2AC3446300E6961B /* Assets.xcassets in Resources */,
				45A88FF72AC3446200E6961B /* Main.storyboard in Resources */,
			);
			runOnlyForDeploymentPostprocessing = 0;
		};
/* End PBXResourcesBuildPhase section */

/* Begin PBXSourcesBuildPhase section */
		45A88FE82AC3446200E6961B /* Sources */ = {
			isa = PBXSourcesBuildPhase;
			buildActionMask = 2147483647;
			files = (
				45A88FF42AC3446200E6961B /* ViewController.swift in Sources */,
				45A88FF02AC3446200E6961B /* AppDelegate.swift in Sources */,
				45A88FFA2AC3446200E6961B /* TestSportApp.xcdatamodeld in Sources */,
				45A88FF22AC3446200E6961B /* SceneDelegate.swift in Sources */,
			);
			runOnlyForDeploymentPostprocessing = 0;
		};
/* End PBXSourcesBuildPhase section */

/* Begin PBXVariantGroup section */
		45A88FF52AC3446200E6961B /* Main.storyboard */ = {
			isa = PBXVariantGroup;
			children = (
				45A88FF62AC3446200E6961B /* Base */,
			);
			name = Main.storyboard;
			sourceTree = "<group>";
		};
		45A88FFD2AC3446300E6961B /* LaunchScreen.storyboard */ = {
			isa = PBXVariantGroup;
			children = (
				45A88FFE2AC3446300E6961B /* Base */,
			);
			name = LaunchScreen.storyboard;
			sourceTree = "<group>";
		};
/* End PBXVariantGroup section */

/* Begin XCBuildConfiguration section */
		45A890012AC3446300E6961B /* Debug */ = {
			isa = XCBuildConfiguration;
			buildSettings = {
				ALWAYS_SEARCH_USER_PATHS = NO;
				CLANG_ANALYZER_NONNULL = YES;
				CLANG_ANALYZER_NUMBER_OBJECT_CONVERSION = YES_AGGRESSIVE;
				CLANG_CXX_LANGUAGE_STANDARD = "gnu++20";
				CLANG_ENABLE_MODULES = YES;
				CLANG_ENABLE_OBJC_ARC = YES;
				CLANG_ENABLE_OBJC_WEAK = YES;
				CLANG_WARN_BLOCK_CAPTURE_AUTORELEASING = YES;
				CLANG_WARN_BOOL_CONVERSION = YES;
				CLANG_WARN_COMMA = YES;
				CLANG_WARN_CONSTANT_CONVERSION = YES;
				CLANG_WARN_DEPRECATED_OBJC_IMPLEMENTATIONS = YES;
				CLANG_WARN_DIRECT_OBJC_ISA_USAGE = YES_ERROR;
				CLANG_WARN_DOCUMENTATION_COMMENTS = YES;
				CLANG_WARN_EMPTY_BODY = YES;
				CLANG_WARN_ENUM_CONVERSION = YES;
				CLANG_WARN_INFINITE_RECURSION = YES;
				CLANG_WARN_INT_CONVERSION = YES;
				CLANG_WARN_NON_LITERAL_NULL_CONVERSION = YES;
				CLANG_WARN_OBJC_IMPLICIT_RETAIN_SELF = YES;
				CLANG_WARN_OBJC_LITERAL_CONVERSION = YES;
				CLANG_WARN_OBJC_ROOT_CLASS = YES_ERROR;
				CLANG_WARN_QUOTED_INCLUDE_IN_FRAMEWORK_HEADER = YES;
				CLANG_WARN_RANGE_LOOP_ANALYSIS = YES;
				CLANG_WARN_STRICT_PROTOTYPES = YES;
				CLANG_WARN_SUSPICIOUS_MOVE = YES;
				CLANG_WARN_UNGUARDED_AVAILABILITY = YES_AGGRESSIVE;
				CLANG_WARN_UNREACHABLE_CODE = YES;
				CLANG_WARN__DUPLICATE_METHOD_MATCH = YES;
				COPY_PHASE_STRIP = NO;
				DEBUG_INFORMATION_FORMAT = dwarf;
				ENABLE_STRICT_OBJC_MSGSEND = YES;
				ENABLE_TESTABILITY = YES;
				GCC_C_LANGUAGE_STANDARD = gnu11;
				GCC_DYNAMIC_NO_PIC = NO;
				GCC_NO_COMMON_BLOCKS = YES;
				GCC_OPTIMIZATION_LEVEL = 0;
				GCC_PREPROCESSOR_DEFINITIONS = (
					"DEBUG=1",
					"$(inherited)",
				);
				GCC_WARN_64_TO_32_BIT_CONVERSION = YES;
				GCC_WARN_ABOUT_RETURN_TYPE = YES_ERROR;
				GCC_WARN_UNDECLARED_SELECTOR = YES;
				GCC_WARN_UNINITIALIZED_AUTOS = YES_AGGRESSIVE;
				GCC_WARN_UNUSED_FUNCTION = YES;
				GCC_WARN_UNUSED_VARIABLE = YES;
				IPHONEOS_DEPLOYMENT_TARGET = 16.4;
				MTL_ENABLE_DEBUG_INFO = INCLUDE_SOURCE;
				MTL_FAST_MATH = YES;
				ONLY_ACTIVE_ARCH = YES;
				SDKROOT = iphoneos;
				SWIFT_ACTIVE_COMPILATION_CONDITIONS = DEBUG;
				SWIFT_OPTIMIZATION_LEVEL = "-Onone";
			};
			name = Debug;
		};
		45A890022AC3446300E6961B /* Release */ = {
			isa = XCBuildConfiguration;
			buildSettings = {
				ALWAYS_SEARCH_USER_PATHS = NO;
				CLANG_ANALYZER_NONNULL = YES;
				CLANG_ANALYZER_NUMBER_OBJECT_CONVERSION = YES_AGGRESSIVE;
				CLANG_CXX_LANGUAGE_STANDARD = "gnu++20";
				CLANG_ENABLE_MODULES = YES;
				CLANG_ENABLE_OBJC_ARC = YES;
				CLANG_ENABLE_OBJC_WEAK = YES;
				CLANG_WARN_BLOCK_CAPTURE_AUTORELEASING = YES;
				CLANG_WARN_BOOL_CONVERSION = YES;
				CLANG_WARN_COMMA = YES;
				CLANG_WARN_CONSTANT_CONVERSION = YES;
				CLANG_WARN_DEPRECATED_OBJC_IMPLEMENTATIONS = YES;
				CLANG_WARN_DIRECT_OBJC_ISA_USAGE = YES_ERROR;
				CLANG_WARN_DOCUMENTATION_COMMENTS = YES;
				CLANG_WARN_EMPTY_BODY = YES;
				CLANG_WARN_ENUM_CONVERSION = YES;
				CLANG_WARN_INFINITE_RECURSION = YES;
				CLANG_WARN_INT_CONVERSION = YES;
				CLANG_WARN_NON_LITERAL_NULL_CONVERSION = YES;
				CLANG_WARN_OBJC_IMPLICIT_RETAIN_SELF = YES;
				CLANG_WARN_OBJC_LITERAL_CONVERSION = YES;
				CLANG_WARN_OBJC_ROOT_CLASS = YES_ERROR;
				CLANG_WARN_QUOTED_INCLUDE_IN_FRAMEWORK_HEADER = YES;
				CLANG_WARN_RANGE_LOOP_ANALYSIS = YES;
				CLANG_WARN_STRICT_PROTOTYPES = YES;
				CLANG_WARN_SUSPICIOUS_MOVE = YES;
				CLANG_WARN_UNGUARDED_AVAILABILITY = YES_AGGRESSIVE;
				CLANG_WARN_UNREACHABLE_CODE = YES;
				CLANG_WARN__DUPLICATE_METHOD_MATCH = YES;
				COPY_PHASE_STRIP = NO;
				DEBUG_INFORMATION_FORMAT = "dwarf-with-dsym";
				ENABLE_NS_ASSERTIONS = NO;
				ENABLE_STRICT_OBJC_MSGSEND = YES;
				GCC_C_LANGUAGE_STANDARD = gnu11;
				GCC_NO_COMMON_BLOCKS = YES;
				GCC_WARN_64_TO_32_BIT_CONVERSION = YES;
				GCC_WARN_ABOUT_RETURN_TYPE = YES_ERROR;
				GCC_WARN_UNDECLARED_SELECTOR = YES;
				GCC_WARN_UNINITIALIZED_AUTOS = YES_AGGRESSIVE;
				GCC_WARN_UNUSED_FUNCTION = YES;
				GCC_WARN_UNUSED_VARIABLE = YES;
				IPHONEOS_DEPLOYMENT_TARGET = 16.4;
				MTL_ENABLE_DEBUG_INFO = NO;
				MTL_FAST_MATH = YES;
				SDKROOT = iphoneos;
				SWIFT_COMPILATION_MODE = wholemodule;
				SWIFT_OPTIMIZATION_LEVEL = "-O";
				VALIDATE_PRODUCT = YES;
			};
			name = Release;
		};
		45A890042AC3446300E6961B /* Debug */ = {
			isa = XCBuildConfiguration;
			buildSettings = {
				ASSETCATALOG_COMPILER_APPICON_NAME = AppIcon;
				ASSETCATALOG_COMPILER_GLOBAL_ACCENT_COLOR_NAME = AccentColor;
				CODE_SIGN_STYLE = Automatic;
				CURRENT_PROJECT_VERSION = 1;
				DEVELOPMENT_TEAM = V8WX6XAJDD;
				GENERATE_INFOPLIST_FILE = YES;
				INFOPLIST_FILE = TestSportApp/Info.plist;
				INFOPLIST_KEY_UIApplicationSupportsIndirectInputEvents = YES;
				INFOPLIST_KEY_UILaunchStoryboardName = LaunchScreen;
				INFOPLIST_KEY_UIMainStoryboardFile = Main;
				INFOPLIST_KEY_UISupportedInterfaceOrientations_iPad = "UIInterfaceOrientationPortrait UIInterfaceOrientationPortraitUpsideDown UIInterfaceOrientationLandscapeLeft UIInterfaceOrientationLandscapeRight";
				INFOPLIST_KEY_UISupportedInterfaceOrientations_iPhone = "UIInterfaceOrientationPortrait UIInterfaceOrientationLandscapeLeft UIInterfaceOrientationLandscapeRight";
				LD_RUNPATH_SEARCH_PATHS = (
					"$(inherited)",
					"@executable_path/Frameworks",
				);
				MARKETING_VERSION = 1.0;
				PRODUCT_BUNDLE_IDENTIFIER = com.mustafa.TestSportApp;
				PRODUCT_NAME = "$(TARGET_NAME)";
				SWIFT_EMIT_LOC_STRINGS = YES;
				SWIFT_VERSION = 5.0;
				TARGETED_DEVICE_FAMILY = "1,2";
			};
			name = Debug;
		};
		45A890052AC3446300E6961B /* Release */ = {
			isa = XCBuildConfiguration;
			buildSettings = {
				ASSETCATALOG_COMPILER_APPICON_NAME = AppIcon;
				ASSETCATALOG_COMPILER_GLOBAL_ACCENT_COLOR_NAME = AccentColor;
				CODE_SIGN_STYLE = Automatic;
				CURRENT_PROJECT_VERSION = 1;
				DEVELOPMENT_TEAM = V8WX6XAJDD;
				GENERATE_INFOPLIST_FILE = YES;
				INFOPLIST_FILE = TestSportApp/Info.plist;
				INFOPLIST_KEY_UIApplicationSupportsIndirectInputEvents = YES;
				INFOPLIST_KEY_UILaunchStoryboardName = LaunchScreen;
				INFOPLIST_KEY_UIMainStoryboardFile = Main;
				INFOPLIST_KEY_UISupportedInterfaceOrientations_iPad = "UIInterfaceOrientationPortrait UIInterfaceOrientationPortraitUpsideDown UIInterfaceOrientationLandscapeLeft UIInterfaceOrientationLandscapeRight";
				INFOPLIST_KEY_UISupportedInterfaceOrientations_iPhone = "UIInterfaceOrientationPortrait UIInterfaceOrientationLandscapeLeft UIInterfaceOrientationLandscapeRight";
				LD_RUNPATH_SEARCH_PATHS = (
					"$(inherited)",
					"@executable_path/Frameworks",
				);
				MARKETING_VERSION = 1.0;
				PRODUCT_BUNDLE_IDENTIFIER = com.mustafa.TestSportApp;
				PRODUCT_NAME = "$(TARGET_NAME)";
				SWIFT_EMIT_LOC_STRINGS = YES;
				SWIFT_VERSION = 5.0;
				TARGETED_DEVICE_FAMILY = "1,2";
			};
			name = Release;
		};
/* End XCBuildConfiguration section */

/* Begin XCConfigurationList section */
		45A88FE72AC3446200E6961B /* Build configuration list for PBXProject "TestSportApp" */ = {
			isa = XCConfigurationList;
			buildConfigurations = (
				45A890012AC3446300E6961B /* Debug */,
				45A890022AC3446300E6961B /* Release */,
			);
			defaultConfigurationIsVisible = 0;
			defaultConfigurationName = Release;
		};
		45A890032AC3446300E6961B /* Build configuration list for PBXNativeTarget "TestSportApp" */ = {
			isa = XCConfigurationList;
			buildConfigurations = (
				45A890042AC3446300E6961B /* Debug */,
				45A890052AC3446300E6961B /* Release */,
			);
			defaultConfigurationIsVisible = 0;
			defaultConfigurationName = Release;
		};
/* End XCConfigurationList section */

/* Begin XCVersionGroup section */
		45A88FF82AC3446200E6961B /* TestSportApp.xcdatamodeld */ = {
			isa = XCVersionGroup;
			children = (
				45A88FF92AC3446200E6961B /* TestSportApp.xcdatamodel */,
			);
			currentVersion = 45A88FF92AC3446200E6961B /* TestSportApp.xcdatamodel */;
			path = TestSportApp.xcdatamodeld;
			sourceTree = "<group>";
			versionGroupType = wrapper.xcdatamodel;
		};
/* End XCVersionGroup section */
	};
	rootObject = 45A88FE42AC3446200E6961B /* Project object */;
}
